
Microsoft Visual Studio Solution File, Format Version 12.00
Project("{FAE04EC0-301F-11D3-BF4B-00C04F79EFBC}") = "EFStackOverflow", "EFStackOverflow\EFStackOverflow.csproj", "{14A698D0-2082-4502-BC4C-93E947E9B0AA}"
EndProject
Global
	GlobalSection(SolutionConfigurationPlatforms) = preSolution
		Debug|Any CPU = Debug|Any CPU
		Release|Any CPU = Release|Any CPU
	EndGlobalSection
	GlobalSection(ProjectConfigurationPlatforms) = postSolution
		{14A698D0-2082-4502-BC4C-93E947E9B0AA}.Debug|Any CPU.ActiveCfg = Debug|Any CPU
		{14A698D0-2082-4502-BC4C-93E947E9B0AA}.Debug|Any CPU.Build.0 = Debug|Any CPU
		{14A698D0-2082-4502-BC4C-93E947E9B0AA}.Release|Any CPU.ActiveCfg = Release|Any CPU
		{14A698D0-2082-4502-BC4C-93E947E9B0AA}.Release|Any CPU.Build.0 = Release|Any CPU
	EndGlobalSection
EndGlobal
